
Microsoft Visual Studio Solution File, Format Version 12.00
# Visual Studio 2012
Project("{FAE04EC0-301F-11D3-BF4B-00C04F79EFBC}") = "ServiceDebugger", "ServiceDebugger\ServiceDebugger\ServiceDebugger.csproj", "{33BEFC54-0575-433C-BED3-912338BCED36}"
EndProject
Project("{2150E333-8FDC-42A3-9474-1A3956D46DE8}") = "Blocks", "Blocks", "{5442B967-5785-41F3-8F7C-531215030F8F}"
EndProject
Project("{FAE04EC0-301F-11D3-BF4B-00C04F79EFBC}") = "DataBlock", "..\IntellaLendBlocks\DataBlock\DataBlock.csproj", "{CD785CAB-F697-49E4-827C-22BFDF195F5C}"
EndProject
Project("{FAE04EC0-301F-11D3-BF4B-00C04F79EFBC}") = "ExceptionBlock", "..\IntellaLendBlocks\ExceptionBlock\ExceptionBlock.csproj", "{7E93826A-4881-47EB-A61B-C1F3ABF921D2}"
EndProject
Project("{2150E333-8FDC-42A3-9474-1A3956D46DE8}") = "Base", "Base", "{0F4F3C5A-ED12-4290-9CEB-122C5B23BDC4}"
EndProject
Project("{FAE04EC0-301F-11D3-BF4B-00C04F79EFBC}") = "MTS.ServiceBase", "MTSServiceBase\MTS.ServiceBase\MTS.ServiceBase.csproj", "{3656A14B-8B9B-4C44-B3A4-7964A0A27777}"
EndProject
Project("{FAE04EC0-301F-11D3-BF4B-00C04F79EFBC}") = "MTS.ServiceLoader", "MTSServiceBase\MTS.ServiceLoader\MTS.ServiceLoader.csproj", "{C39C87F2-0745-4678-AE5D-97064EFCD7C8}"
EndProject
Project("{FAE04EC0-301F-11D3-BF4B-00C04F79EFBC}") = "MTSServiceController", "MTSServiceController\MTSServiceController.csproj", "{1AAEAA6F-655D-476F-B92F-79D148E025C1}"
EndProject
Project("{2150E333-8FDC-42A3-9474-1A3956D46DE8}") = "Services", "Services", "{ED93DCDF-6DA9-48CD-A0C2-F7DDB1887941}"
EndProject
Project("{2150E333-8FDC-42A3-9474-1A3956D46DE8}") = "Debugger", "Debugger", "{A26836D4-0A7C-4799-8DD8-77F23626FBB2}"
EndProject
Project("{FAE04EC0-301F-11D3-BF4B-00C04F79EFBC}") = "MTS.EmailManager", "MTS.EmailManager\MTS.EmailManager.csproj", "{96755891-949C-47F2-9257-B30D861A9E23}"
EndProject
Project("{2150E333-8FDC-42A3-9474-1A3956D46DE8}") = ".nuget", ".nuget", "{95128F96-C3B2-4C6B-A6A0-8FC377474CA8}"
	ProjectSection(SolutionItems) = preProject
		.nuget\NuGet.Config = .nuget\NuGet.Config
		.nuget\NuGet.exe = .nuget\NuGet.exe
		.nuget\NuGet.targets = .nuget\NuGet.targets
	EndProjectSection
EndProject
Project("{FAE04EC0-301F-11D3-BF4B-00C04F79EFBC}") = "ConsoleApplication1", "ConsoleApplication1\ConsoleApplication1.csproj", "{380E6079-5651-47B4-972E-1DF885C02B6E}"
EndProject
Global
	GlobalSection(SolutionConfigurationPlatforms) = preSolution
		Debug|Any CPU = Debug|Any CPU
		Debug|Mixed Platforms = Debug|Mixed Platforms
		Debug|x86 = Debug|x86
		Release|Any CPU = Release|Any CPU
		Release|Mixed Platforms = Release|Mixed Platforms
		Release|x86 = Release|x86
	EndGlobalSection
	GlobalSection(ProjectConfigurationPlatforms) = postSolution
		{33BEFC54-0575-433C-BED3-912338BCED36}.Debug|Any CPU.ActiveCfg = Debug|Any CPU
		{33BEFC54-0575-433C-BED3-912338BCED36}.Debug|Any CPU.Build.0 = Debug|Any CPU
		{33BEFC54-0575-433C-BED3-912338BCED36}.Debug|Mixed Platforms.ActiveCfg = Debug|Any CPU
		{33BEFC54-0575-433C-BED3-912338BCED36}.Debug|Mixed Platforms.Build.0 = Debug|Any CPU
		{33BEFC54-0575-433C-BED3-912338BCED36}.Debug|x86.ActiveCfg = Debug|Any CPU
		{33BEFC54-0575-433C-BED3-912338BCED36}.Debug|x86.Build.0 = Debug|Any CPU
		{33BEFC54-0575-433C-BED3-912338BCED36}.Release|Any CPU.ActiveCfg = Release|Any CPU
		{33BEFC54-0575-433C-BED3-912338BCED36}.Release|Mixed Platforms.ActiveCfg = Release|Any CPU
		{33BEFC54-0575-433C-BED3-912338BCED36}.Release|Mixed Platforms.Build.0 = Release|Any CPU
		{33BEFC54-0575-433C-BED3-912338BCED36}.Release|x86.ActiveCfg = Release|Any CPU
		{33BEFC54-0575-433C-BED3-912338BCED36}.Release|x86.Build.0 = Release|Any CPU
		{CD785CAB-F697-49E4-827C-22BFDF195F5C}.Debug|Any CPU.ActiveCfg = Debug|Any CPU
		{CD785CAB-F697-49E4-827C-22BFDF195F5C}.Debug|Any CPU.Build.0 = Debug|Any CPU
		{CD785CAB-F697-49E4-827C-22BFDF195F5C}.Debug|Mixed Platforms.ActiveCfg = Debug|Any CPU
		{CD785CAB-F697-49E4-827C-22BFDF195F5C}.Debug|Mixed Platforms.Build.0 = Debug|Any CPU
		{CD785CAB-F697-49E4-827C-22BFDF195F5C}.Debug|x86.ActiveCfg = Debug|Any CPU
		{CD785CAB-F697-49E4-827C-22BFDF195F5C}.Debug|x86.Build.0 = Debug|Any CPU
		{CD785CAB-F697-49E4-827C-22BFDF195F5C}.Release|Any CPU.ActiveCfg = Release|Any CPU
		{CD785CAB-F697-49E4-827C-22BFDF195F5C}.Release|Any CPU.Build.0 = Release|Any CPU
		{CD785CAB-F697-49E4-827C-22BFDF195F5C}.Release|Mixed Platforms.ActiveCfg = Release|Any CPU
		{CD785CAB-F697-49E4-827C-22BFDF195F5C}.Release|Mixed Platforms.Build.0 = Release|Any CPU
		{CD785CAB-F697-49E4-827C-22BFDF195F5C}.Release|x86.ActiveCfg = Release|Any CPU
		{CD785CAB-F697-49E4-827C-22BFDF195F5C}.Release|x86.Build.0 = Release|Any CPU
		{7E93826A-4881-47EB-A61B-C1F3ABF921D2}.Debug|Any CPU.ActiveCfg = Debug|Any CPU
		{7E93826A-4881-47EB-A61B-C1F3ABF921D2}.Debug|Any CPU.Build.0 = Debug|Any CPU
		{7E93826A-4881-47EB-A61B-C1F3ABF921D2}.Debug|Mixed Platforms.ActiveCfg = Debug|Any CPU
		{7E93826A-4881-47EB-A61B-C1F3ABF921D2}.Debug|Mixed Platforms.Build.0 = Debug|Any CPU
		{7E93826A-4881-47EB-A61B-C1F3ABF921D2}.Debug|x86.ActiveCfg = Debug|Any CPU
		{7E93826A-4881-47EB-A61B-C1F3ABF921D2}.Debug|x86.Build.0 = Debug|Any CPU
		{7E93826A-4881-47EB-A61B-C1F3ABF921D2}.Release|Any CPU.ActiveCfg = Release|Any CPU
		{7E93826A-4881-47EB-A61B-C1F3ABF921D2}.Release|Any CPU.Build.0 = Release|Any CPU
		{7E93826A-4881-47EB-A61B-C1F3ABF921D2}.Release|Mixed Platforms.ActiveCfg = Release|Any CPU
		{7E93826A-4881-47EB-A61B-C1F3ABF921D2}.Release|Mixed Platforms.Build.0 = Release|Any CPU
		{7E93826A-4881-47EB-A61B-C1F3ABF921D2}.Release|x86.ActiveCfg = Release|Any CPU
		{7E93826A-4881-47EB-A61B-C1F3ABF921D2}.Release|x86.Build.0 = Release|Any CPU
		{3656A14B-8B9B-4C44-B3A4-7964A0A27777}.Debug|Any CPU.ActiveCfg = Debug|Any CPU
		{3656A14B-8B9B-4C44-B3A4-7964A0A27777}.Debug|Any CPU.Build.0 = Debug|Any CPU
		{3656A14B-8B9B-4C44-B3A4-7964A0A27777}.Debug|Mixed Platforms.ActiveCfg = Debug|Any CPU
		{3656A14B-8B9B-4C44-B3A4-7964A0A27777}.Debug|Mixed Platforms.Build.0 = Debug|Any CPU
		{3656A14B-8B9B-4C44-B3A4-7964A0A27777}.Debug|x86.ActiveCfg = Debug|Any CPU
		{3656A14B-8B9B-4C44-B3A4-7964A0A27777}.Debug|x86.Build.0 = Debug|Any CPU
		{3656A14B-8B9B-4C44-B3A4-7964A0A27777}.Release|Any CPU.ActiveCfg = Release|Any CPU
		{3656A14B-8B9B-4C44-B3A4-7964A0A27777}.Release|Any CPU.Build.0 = Release|Any CPU
		{3656A14B-8B9B-4C44-B3A4-7964A0A27777}.Release|Mixed Platforms.ActiveCfg = Release|Any CPU
		{3656A14B-8B9B-4C44-B3A4-7964A0A27777}.Release|Mixed Platforms.Build.0 = Release|Any CPU
		{3656A14B-8B9B-4C44-B3A4-7964A0A27777}.Release|x86.ActiveCfg = Release|Any CPU
		{3656A14B-8B9B-4C44-B3A4-7964A0A27777}.Release|x86.Build.0 = Release|Any CPU
		{C39C87F2-0745-4678-AE5D-97064EFCD7C8}.Debug|Any CPU.ActiveCfg = Debug|x86
		{C39C87F2-0745-4678-AE5D-97064EFCD7C8}.Debug|Any CPU.Build.0 = Debug|x86
		{C39C87F2-0745-4678-AE5D-97064EFCD7C8}.Debug|Mixed Platforms.ActiveCfg = Debug|x86
		{C39C87F2-0745-4678-AE5D-97064EFCD7C8}.Debug|Mixed Platforms.Build.0 = Debug|x86
		{C39C87F2-0745-4678-AE5D-97064EFCD7C8}.Debug|x86.ActiveCfg = Debug|x86
		{C39C87F2-0745-4678-AE5D-97064EFCD7C8}.Debug|x86.Build.0 = Debug|x86
		{C39C87F2-0745-4678-AE5D-97064EFCD7C8}.Release|Any CPU.ActiveCfg = Release|x86
		{C39C87F2-0745-4678-AE5D-97064EFCD7C8}.Release|Any CPU.Build.0 = Release|x86
		{C39C87F2-0745-4678-AE5D-97064EFCD7C8}.Release|Mixed Platforms.ActiveCfg = Release|x86
		{C39C87F2-0745-4678-AE5D-97064EFCD7C8}.Release|Mixed Platforms.Build.0 = Release|x86
		{C39C87F2-0745-4678-AE5D-97064EFCD7C8}.Release|x86.ActiveCfg = Release|x86
		{C39C87F2-0745-4678-AE5D-97064EFCD7C8}.Release|x86.Build.0 = Release|x86
		{1AAEAA6F-655D-476F-B92F-79D148E025C1}.Debug|Any CPU.ActiveCfg = Debug|x86
		{1AAEAA6F-655D-476F-B92F-79D148E025C1}.Debug|Any CPU.Build.0 = Debug|x86
		{1AAEAA6F-655D-476F-B92F-79D148E025C1}.Debug|Mixed Platforms.ActiveCfg = Debug|x86
		{1AAEAA6F-655D-476F-B92F-79D148E025C1}.Debug|Mixed Platforms.Build.0 = Debug|x86
		{1AAEAA6F-655D-476F-B92F-79D148E025C1}.Debug|x86.ActiveCfg = Debug|x86
		{1AAEAA6F-655D-476F-B92F-79D148E025C1}.Debug|x86.Build.0 = Debug|x86
		{1AAEAA6F-655D-476F-B92F-79D148E025C1}.Release|Any CPU.ActiveCfg = Release|x86
		{1AAEAA6F-655D-476F-B92F-79D148E025C1}.Release|Any CPU.Build.0 = Release|x86
		{1AAEAA6F-655D-476F-B92F-79D148E025C1}.Release|Mixed Platforms.ActiveCfg = Release|x86
		{1AAEAA6F-655D-476F-B92F-79D148E025C1}.Release|Mixed Platforms.Build.0 = Release|x86
		{1AAEAA6F-655D-476F-B92F-79D148E025C1}.Release|x86.ActiveCfg = Release|x86
		{1AAEAA6F-655D-476F-B92F-79D148E025C1}.Release|x86.Build.0 = Release|x86
		{96755891-949C-47F2-9257-B30D861A9E23}.Debug|Any CPU.ActiveCfg = Debug|Any CPU
		{96755891-949C-47F2-9257-B30D861A9E23}.Debug|Any CPU.Build.0 = Debug|Any CPU
		{96755891-949C-47F2-9257-B30D861A9E23}.Debug|Mixed Platforms.ActiveCfg = Debug|Any CPU
		{96755891-949C-47F2-9257-B30D861A9E23}.Debug|Mixed Platforms.Build.0 = Debug|Any CPU
		{96755891-949C-47F2-9257-B30D861A9E23}.Debug|x86.ActiveCfg = Debug|Any CPU
		{96755891-949C-47F2-9257-B30D861A9E23}.Debug|x86.Build.0 = Debug|Any CPU
		{96755891-949C-47F2-9257-B30D861A9E23}.Release|Any CPU.ActiveCfg = Release|Any CPU
		{96755891-949C-47F2-9257-B30D861A9E23}.Release|Any CPU.Build.0 = Release|Any CPU
		{96755891-949C-47F2-9257-B30D861A9E23}.Release|Mixed Platforms.ActiveCfg = Release|Any CPU
		{96755891-949C-47F2-9257-B30D861A9E23}.Release|Mixed Platforms.Build.0 = Release|Any CPU
		{96755891-949C-47F2-9257-B30D861A9E23}.Release|x86.ActiveCfg = Release|Any CPU
		{96755891-949C-47F2-9257-B30D861A9E23}.Release|x86.Build.0 = Release|Any CPU
		{380E6079-5651-47B4-972E-1DF885C02B6E}.Debug|Any CPU.ActiveCfg = Debug|Any CPU
		{380E6079-5651-47B4-972E-1DF885C02B6E}.Debug|Any CPU.Build.0 = Debug|Any CPU
		{380E6079-5651-47B4-972E-1DF885C02B6E}.Debug|Mixed Platforms.ActiveCfg = Debug|Any CPU
		{380E6079-5651-47B4-972E-1DF885C02B6E}.Debug|Mixed Platforms.Build.0 = Debug|Any CPU
		{380E6079-5651-47B4-972E-1DF885C02B6E}.Debug|x86.ActiveCfg = Debug|Any CPU
		{380E6079-5651-47B4-972E-1DF885C02B6E}.Release|Any CPU.ActiveCfg = Release|Any CPU
		{380E6079-5651-47B4-972E-1DF885C02B6E}.Release|Any CPU.Build.0 = Release|Any CPU
		{380E6079-5651-47B4-972E-1DF885C02B6E}.Release|Mixed Platforms.ActiveCfg = Release|Any CPU
		{380E6079-5651-47B4-972E-1DF885C02B6E}.Release|Mixed Platforms.Build.0 = Release|Any CPU
		{380E6079-5651-47B4-972E-1DF885C02B6E}.Release|x86.ActiveCfg = Release|Any CPU
	EndGlobalSection
	GlobalSection(SolutionProperties) = preSolution
		HideSolutionNode = FALSE
	EndGlobalSection
	GlobalSection(NestedProjects) = preSolution
		{33BEFC54-0575-433C-BED3-912338BCED36} = {A26836D4-0A7C-4799-8DD8-77F23626FBB2}
		{CD785CAB-F697-49E4-827C-22BFDF195F5C} = {5442B967-5785-41F3-8F7C-531215030F8F}
		{7E93826A-4881-47EB-A61B-C1F3ABF921D2} = {5442B967-5785-41F3-8F7C-531215030F8F}
		{3656A14B-8B9B-4C44-B3A4-7964A0A27777} = {0F4F3C5A-ED12-4290-9CEB-122C5B23BDC4}
		{C39C87F2-0745-4678-AE5D-97064EFCD7C8} = {0F4F3C5A-ED12-4290-9CEB-122C5B23BDC4}
		{1AAEAA6F-655D-476F-B92F-79D148E025C1} = {0F4F3C5A-ED12-4290-9CEB-122C5B23BDC4}
		{96755891-949C-47F2-9257-B30D861A9E23} = {ED93DCDF-6DA9-48CD-A0C2-F7DDB1887941}
	EndGlobalSection
	GlobalSection(ExtensibilityGlobals) = postSolution
		BuildVersion_StartDate = 2000/1/1
	EndGlobalSection
EndGlobal
